{
  "name": "firebase-chat-app",
  "version": "1.0.0",
  "license": "ISC",
  "scripts": {
    "start": "firebase serve",
    "build": "react-scripts build", // Adjust based on your framework
    "deploy": "firebase deploy"
  },
  "dependencies": {
    "firebase": "^9.0.0" // Example version, adjust as needed
  },
  "devDependencies": {}
}
